PODS:
  - Alamofire (5.6.2)
  - BonsaiController (6.0.0)
  - YouTubePlayer (0.7.2)

DEPENDENCIES:
  - Alamofire (~> 5.6.1)
  - BonsaiController
  - YouTubePlayer

SPEC REPOS:
  trunk:
    - Alamofire
    - BonsaiController
    - YouTubePlayer

SPEC CHECKSUMS:
  Alamofire: d368e1ff8a298e6dde360e35a3e68e6c610e7204
  BonsaiController: 63410fc39bc5b3a9df5b329dbc848b6b27edf663
  YouTubePlayer: 2b5f2830d8f9b2cde942083211291e382c9e6bd5

PODFILE CHECKSUM: da3b0168b0f31461bf6f0b3f660fa82d90e84088

COCOAPODS: 1.11.3
