// !$*UTF8*$!
{
	archiveVersion = 1;
	classes = {
	};
	objectVersion = 55;
	objects = {

/* Begin PBXBuildFile section */
		115D93B028AFA89700E714AB /* MainViewController.swift in Sources */ = {isa = PBXBuildFile; fileRef = 115D93AF28AFA89700E714AB /* MainViewController.swift */; };
		115D93B428AFA90400E714AB /* MainViewModel.swift in Sources */ = {isa = PBXBuildFile; fileRef = 115D93B328AFA90400E714AB /* MainViewModel.swift */; };
		115D93B728AFC11800E714AB /* BannerTableViewCell.swift in Sources */ = {isa = PBXBuildFile; fileRef = 115D93B628AFC11800E714AB /* BannerTableViewCell.swift */; };
		115D93B928AFCA6500E714AB /* Extensions.swift in Sources */ = {isa = PBXBuildFile; fileRef = 115D93B828AFCA6500E714AB /* Extensions.swift */; };
		115D93BB28AFD52400E714AB /* TitleTableViewCell.swift in Sources */ = {isa = PBXBuildFile; fileRef = 115D93BA28AFD52400E714AB /* TitleTableViewCell.swift */; };
		115D93BD28AFE27A00E714AB /* BannerCollectionViewCell.swift in Sources */ = {isa = PBXBuildFile; fileRef = 115D93BC28AFE27A00E714AB /* BannerCollectionViewCell.swift */; };
		11C034EB28AEBC750019666E /* AppDelegate.swift in Sources */ = {isa = PBXBuildFile; fileRef = 11C034EA28AEBC750019666E /* AppDelegate.swift */; };
		11C034F428AEBC770019666E /* Assets.xcassets in Resources */ = {isa = PBXBuildFile; fileRef = 11C034F328AEBC770019666E /* Assets.xcassets */; };
		11C034F728AEBC770019666E /* LaunchScreen.storyboard in Resources */ = {isa = PBXBuildFile; fileRef = 11C034F528AEBC770019666E /* LaunchScreen.storyboard */; };
		11C0350328AEC73A0019666E /* VideoDataModel.swift in Sources */ = {isa = PBXBuildFile; fileRef = 11C0350228AEC73A0019666E /* VideoDataModel.swift */; };
		810B1C01DB5C14EAE94D5078 /* Pods_YouTubeAPI.framework in Frameworks */ = {isa = PBXBuildFile; fileRef = AC059BEF5C8D5EB4C599A5F0 /* Pods_YouTubeAPI.framework */; };
/* End PBXBuildFile section */

/* Begin PBXFileReference section */
		115D93AF28AFA89700E714AB /* MainViewController.swift */ = {isa = PBXFileReference; lastKnownFileType = sourcecode.swift; path = MainViewController.swift; sourceTree = "<group>"; };
		115D93B328AFA90400E714AB /* MainViewModel.swift */ = {isa = PBXFileReference; lastKnownFileType = sourcecode.swift; path = MainViewModel.swift; sourceTree = "<group>"; };
		115D93B628AFC11800E714AB /* BannerTableViewCell.swift */ = {isa = PBXFileReference; lastKnownFileType = sourcecode.swift; path = BannerTableViewCell.swift; sourceTree = "<group>"; };
		115D93B828AFCA6500E714AB /* Extensions.swift */ = {isa = PBXFileReference; lastKnownFileType = sourcecode.swift; path = Extensions.swift; sourceTree = "<group>"; };
		115D93BA28AFD52400E714AB /* TitleTableViewCell.swift */ = {isa = PBXFileReference; lastKnownFileType = sourcecode.swift; path = TitleTableViewCell.swift; sourceTree = "<group>"; };
		115D93BC28AFE27A00E714AB /* BannerCollectionViewCell.swift */ = {isa = PBXFileReference; lastKnownFileType = sourcecode.swift; path = BannerCollectionViewCell.swift; sourceTree = "<group>"; };
		11C034E728AEBC750019666E /* YouTubeAPI.app */ = {isa = PBXFileReference; explicitFileType = wrapper.application; includeInIndex = 0; path = YouTubeAPI.app; sourceTree = BUILT_PRODUCTS_DIR; };
		11C034EA28AEBC750019666E /* AppDelegate.swift */ = {isa = PBXFileReference; lastKnownFileType = sourcecode.swift; path = AppDelegate.swift; sourceTree = "<group>"; };
		11C034F328AEBC770019666E /* Assets.xcassets */ = {isa = PBXFileReference; lastKnownFileType = folder.assetcatalog; path = Assets.xcassets; sourceTree = "<group>"; };
		11C034F628AEBC770019666E /* Base */ = {isa = PBXFileReference; lastKnownFileType = file.storyboard; name = Base; path = Base.lproj/LaunchScreen.storyboard; sourceTree = "<group>"; };
		11C034F828AEBC770019666E /* Info.plist */ = {isa = PBXFileReference; lastKnownFileType = text.plist.xml; path = Info.plist; sourceTree = "<group>"; };
		11C0350228AEC73A0019666E /* VideoDataModel.swift */ = {isa = PBXFileReference; lastKnownFileType = sourcecode.swift; path = VideoDataModel.swift; sourceTree = "<group>"; };
		7DF163862FEF84E4B07EC3CA /* Pods-YouTubeAPI.debug.xcconfig */ = {isa = PBXFileReference; includeInIndex = 1; lastKnownFileType = text.xcconfig; name = "Pods-YouTubeAPI.debug.xcconfig"; path = "Target Support Files/Pods-YouTubeAPI/Pods-YouTubeAPI.debug.xcconfig"; sourceTree = "<group>"; };
		AC059BEF5C8D5EB4C599A5F0 /* Pods_YouTubeAPI.framework */ = {isa = PBXFileReference; explicitFileType = wrapper.framework; includeInIndex = 0; path = Pods_YouTubeAPI.framework; sourceTree = BUILT_PRODUCTS_DIR; };
		D224F22518607F3DF6F72704 /* Pods-YouTubeAPI.release.xcconfig */ = {isa = PBXFileReference; includeInIndex = 1; lastKnownFileType = text.xcconfig; name = "Pods-YouTubeAPI.release.xcconfig"; path = "Target Support Files/Pods-YouTubeAPI/Pods-YouTubeAPI.release.xcconfig"; sourceTree = "<group>"; };
/* End PBXFileReference section */

/* Begin PBXFrameworksBuildPhase section */
		11C034E428AEBC750019666E /* Frameworks */ = {
			isa = PBXFrameworksBuildPhase;
			buildActionMask = 2147483647;
			files = (
				810B1C01DB5C14EAE94D5078 /* Pods_YouTubeAPI.framework in Frameworks */,
			);
			runOnlyForDeploymentPostprocessing = 0;
		};
/* End PBXFrameworksBuildPhase section */

/* Begin PBXGroup section */
		115D93AE28AF6AE300E714AB /* DataModel */ = {
			isa = PBXGroup;
			children = (
				11C0350228AEC73A0019666E /* VideoDataModel.swift */,
			);
			path = DataModel;
			sourceTree = "<group>";
		};
		115D93B128AFA8A400E714AB /* Main */ = {
			isa = PBXGroup;
			children = (
				115D93B228AFA8E200E714AB /* Views */,
				115D93B528AFA90A00E714AB /* Model */,
			);
			path = Main;
			sourceTree = "<group>";
		};
		115D93B228AFA8E200E714AB /* Views */ = {
			isa = PBXGroup;
			children = (
				115D93AF28AFA89700E714AB /* MainViewController.swift */,
				115D93B628AFC11800E714AB /* BannerTableViewCell.swift */,
				115D93BC28AFE27A00E714AB /* BannerCollectionViewCell.swift */,
				115D93BA28AFD52400E714AB /* TitleTableViewCell.swift */,
			);
			path = Views;
			sourceTree = "<group>";
		};
		115D93B528AFA90A00E714AB /* Model */ = {
			isa = PBXGroup;
			children = (
				115D93B328AFA90400E714AB /* MainViewModel.swift */,
			);
			path = Model;
			sourceTree = "<group>";
		};
		11C034DE28AEBC740019666E = {
			isa = PBXGroup;
			children = (
				11C034E928AEBC750019666E /* YouTubeAPI */,
				11C034E828AEBC750019666E /* Products */,
				C0FD57C92D678CF841AC507A /* Pods */,
				82EE26C255A2F68DB7C80B62 /* Frameworks */,
			);
			sourceTree = "<group>";
		};
		11C034E828AEBC750019666E /* Products */ = {
			isa = PBXGroup;
			children = (
				11C034E728AEBC750019666E /* YouTubeAPI.app */,
			);
			name = Products;
			sourceTree = "<group>";
		};
		11C034E928AEBC750019666E /* YouTubeAPI */ = {
			isa = PBXGroup;
			children = (
				11C034EA28AEBC750019666E /* AppDelegate.swift */,
				115D93AE28AF6AE300E714AB /* DataModel */,
				115D93B128AFA8A400E714AB /* Main */,
				11C034F328AEBC770019666E /* Assets.xcassets */,
				11C034F528AEBC770019666E /* LaunchScreen.storyboard */,
				11C034F828AEBC770019666E /* Info.plist */,
				115D93B828AFCA6500E714AB /* Extensions.swift */,
			);
			path = YouTubeAPI;
			sourceTree = "<group>";
		};
		82EE26C255A2F68DB7C80B62 /* Frameworks */ = {
			isa = PBXGroup;
			children = (
				AC059BEF5C8D5EB4C599A5F0 /* Pods_YouTubeAPI.framework */,
			);
			name = Frameworks;
			sourceTree = "<group>";
		};
		C0FD57C92D678CF841AC507A /* Pods */ = {
			isa = PBXGroup;
			children = (
				7DF163862FEF84E4B07EC3CA /* Pods-YouTubeAPI.debug.xcconfig */,
				D224F22518607F3DF6F72704 /* Pods-YouTubeAPI.release.xcconfig */,
			);
			path = Pods;
			sourceTree = "<group>";
		};
/* End PBXGroup section */

/* Begin PBXNativeTarget section */
		11C034E628AEBC750019666E /* YouTubeAPI */ = {
			isa = PBXNativeTarget;
			buildConfigurationList = 11C034FB28AEBC770019666E /* Build configuration list for PBXNativeTarget "YouTubeAPI" */;
			buildPhases = (
				F147B73545DCAA548A46A39D /* [CP] Check Pods Manifest.lock */,
				11C034E328AEBC750019666E /* Sources */,
				11C034E428AEBC750019666E /* Frameworks */,
				11C034E528AEBC750019666E /* Resources */,
				48DEB9FFD90A05A34D9EFA81 /* [CP] Embed Pods Frameworks */,
			);
			buildRules = (
			);
			dependencies = (
			);
			name = YouTubeAPI;
			productName = YouTubeAPI;
			productReference = 11C034E728AEBC750019666E /* YouTubeAPI.app */;
			productType = "com.apple.product-type.application";
		};
/* End PBXNativeTarget section */

/* Begin PBXProject section */
		11C034DF28AEBC740019666E /* Project object */ = {
			isa = PBXProject;
			attributes = {
				BuildIndependentTargetsInParallel = 1;
				LastSwiftUpdateCheck = 1340;
				LastUpgradeCheck = 1340;
				TargetAttributes = {
					11C034E628AEBC750019666E = {
						CreatedOnToolsVersion = 13.4.1;
					};
				};
			};
			buildConfigurationList = 11C034E228AEBC740019666E /* Build configuration list for PBXProject "YouTubeAPI" */;
			compatibilityVersion = "Xcode 13.0";
			developmentRegion = en;
			hasScannedForEncodings = 0;
			knownRegions = (
				en,
				Base,
			);
			mainGroup = 11C034DE28AEBC740019666E;
			productRefGroup = 11C034E828AEBC750019666E /* Products */;
			projectDirPath = "";
			projectRoot = "";
			targets = (
				11C034E628AEBC750019666E /* YouTubeAPI */,
			);
		};
/* End PBXProject section */

/* Begin PBXResourcesBuildPhase section */
		11C034E528AEBC750019666E /* Resources */ = {
			isa = PBXResourcesBuildPhase;
			buildActionMask = 2147483647;
			files = (
				11C034F728AEBC770019666E /* LaunchScreen.storyboard in Resources */,
				11C034F428AEBC770019666E /* Assets.xcassets in Resources */,
			);
			runOnlyForDeploymentPostprocessing = 0;
		};
/* End PBXResourcesBuildPhase section */

/* Begin PBXShellScriptBuildPhase section */
		48DEB9FFD90A05A34D9EFA81 /* [CP] Embed Pods Frameworks */ = {
			isa = PBXShellScriptBuildPhase;
			buildActionMask = 2147483647;
			files = (
			);
			inputFileListPaths = (
				"${PODS_ROOT}/Target Support Files/Pods-YouTubeAPI/Pods-YouTubeAPI-frameworks-${CONFIGURATION}-input-files.xcfilelist",
			);
			name = "[CP] Embed Pods Frameworks";
			outputFileListPaths = (
				"${PODS_ROOT}/Target Support Files/Pods-YouTubeAPI/Pods-YouTubeAPI-frameworks-${CONFIGURATION}-output-files.xcfilelist",
			);
			runOnlyForDeploymentPostprocessing = 0;
			shellPath = /bin/sh;
			shellScript = "\"${PODS_ROOT}/Target Support Files/Pods-YouTubeAPI/Pods-YouTubeAPI-frameworks.sh\"\n";
			showEnvVarsInLog = 0;
		};
		F147B73545DCAA548A46A39D /* [CP] Check Pods Manifest.lock */ = {
			isa = PBXShellScriptBuildPhase;
			buildActionMask = 2147483647;
			files = (
			);
			inputFileListPaths = (
			);
			inputPaths = (
				"${PODS_PODFILE_DIR_PATH}/Podfile.lock",
				"${PODS_ROOT}/Manifest.lock",
			);
			name = "[CP] Check Pods Manifest.lock";
			outputFileListPaths = (
			);
			outputPaths = (
				"$(DERIVED_FILE_DIR)/Pods-YouTubeAPI-checkManifestLockResult.txt",
			);
			runOnlyForDeploymentPostprocessing = 0;
			shellPath = /bin/sh;
			shellScript = "diff \"${PODS_PODFILE_DIR_PATH}/Podfile.lock\" \"${PODS_ROOT}/Manifest.lock\" > /dev/null\nif [ $? != 0 ] ; then\n    # print error to STDERR\n    echo \"error: The sandbox is not in sync with the Podfile.lock. Run 'pod install' or update your CocoaPods installation.\" >&2\n    exit 1\nfi\n# This output is used by Xcode 'outputs' to avoid re-running this script phase.\necho \"SUCCESS\" > \"${SCRIPT_OUTPUT_FILE_0}\"\n";
			showEnvVarsInLog = 0;
		};
/* End PBXShellScriptBuildPhase section */

/* Begin PBXSourcesBuildPhase section */
		11C034E328AEBC750019666E /* Sources */ = {
			isa = PBXSourcesBuildPhase;
			buildActionMask = 2147483647;
			files = (
				115D93BB28AFD52400E714AB /* TitleTableViewCell.swift in Sources */,
				115D93B428AFA90400E714AB /* MainViewModel.swift in Sources */,
				11C0350328AEC73A0019666E /* VideoDataModel.swift in Sources */,
				115D93B728AFC11800E714AB /* BannerTableViewCell.swift in Sources */,
				11C034EB28AEBC750019666E /* AppDelegate.swift in Sources */,
				115D93B028AFA89700E714AB /* MainViewController.swift in Sources */,
				115D93BD28AFE27A00E714AB /* BannerCollectionViewCell.swift in Sources */,
				115D93B928AFCA6500E714AB /* Extensions.swift in Sources */,
			);
			runOnlyForDeploymentPostprocessing = 0;
		};
/* End PBXSourcesBuildPhase section */

/* Begin PBXVariantGroup section */
		11C034F528AEBC770019666E /* LaunchScreen.storyboard */ = {
			isa = PBXVariantGroup;
			children = (
				11C034F628AEBC770019666E /* Base */,
			);
			name = LaunchScreen.storyboard;
			sourceTree = "<group>";
		};
/* End PBXVariantGroup section */

/* Begin XCBuildConfiguration section */
		11C034F928AEBC770019666E /* Debug */ = {
			isa = XCBuildConfiguration;
			buildSettings = {
				ALWAYS_SEARCH_USER_PATHS = NO;
				CLANG_ANALYZER_NONNULL = YES;
				CLANG_ANALYZER_NUMBER_OBJECT_CONVERSION = YES_AGGRESSIVE;
				CLANG_CXX_LANGUAGE_STANDARD = "gnu++17";
				CLANG_ENABLE_MODULES = YES;
				CLANG_ENABLE_OBJC_ARC = YES;
				CLANG_ENABLE_OBJC_WEAK = YES;
				CLANG_WARN_BLOCK_CAPTURE_AUTORELEASING = YES;
				CLANG_WARN_BOOL_CONVERSION = YES;
				CLANG_WARN_COMMA = YES;
				CLANG_WARN_CONSTANT_CONVERSION = YES;
				CLANG_WARN_DEPRECATED_OBJC_IMPLEMENTATIONS = YES;
				CLANG_WARN_DIRECT_OBJC_ISA_USAGE = YES_ERROR;
				CLANG_WARN_DOCUMENTATION_COMMENTS = YES;
				CLANG_WARN_EMPTY_BODY = YES;
				CLANG_WARN_ENUM_CONVERSION = YES;
				CLANG_WARN_INFINITE_RECURSION = YES;
				CLANG_WARN_INT_CONVERSION = YES;
				CLANG_WARN_NON_LITERAL_NULL_CONVERSION = YES;
				CLANG_WARN_OBJC_IMPLICIT_RETAIN_SELF = YES;
				CLANG_WARN_OBJC_LITERAL_CONVERSION = YES;
				CLANG_WARN_OBJC_ROOT_CLASS = YES_ERROR;
				CLANG_WARN_QUOTED_INCLUDE_IN_FRAMEWORK_HEADER = YES;
				CLANG_WARN_RANGE_LOOP_ANALYSIS = YES;
				CLANG_WARN_STRICT_PROTOTYPES = YES;
				CLANG_WARN_SUSPICIOUS_MOVE = YES;
				CLANG_WARN_UNGUARDED_AVAILABILITY = YES_AGGRESSIVE;
				CLANG_WARN_UNREACHABLE_CODE = YES;
				CLANG_WARN__DUPLICATE_METHOD_MATCH = YES;
				COPY_PHASE_STRIP = NO;
				DEBUG_INFORMATION_FORMAT = dwarf;
				ENABLE_STRICT_OBJC_MSGSEND = YES;
				ENABLE_TESTABILITY = YES;
				GCC_C_LANGUAGE_STANDARD = gnu11;
				GCC_DYNAMIC_NO_PIC = NO;
				GCC_NO_COMMON_BLOCKS = YES;
				GCC_OPTIMIZATION_LEVEL = 0;
				GCC_PREPROCESSOR_DEFINITIONS = (
					"DEBUG=1",
					"$(inherited)",
				);
				GCC_WARN_64_TO_32_BIT_CONVERSION = YES;
				GCC_WARN_ABOUT_RETURN_TYPE = YES_ERROR;
				GCC_WARN_UNDECLARED_SELECTOR = YES;
				GCC_WARN_UNINITIALIZED_AUTOS = YES_AGGRESSIVE;
				GCC_WARN_UNUSED_FUNCTION = YES;
				GCC_WARN_UNUSED_VARIABLE = YES;
				IPHONEOS_DEPLOYMENT_TARGET = 15.5;
				MTL_ENABLE_DEBUG_INFO = INCLUDE_SOURCE;
				MTL_FAST_MATH = YES;
				ONLY_ACTIVE_ARCH = YES;
				SDKROOT = iphoneos;
				SWIFT_ACTIVE_COMPILATION_CONDITIONS = DEBUG;
				SWIFT_OPTIMIZATION_LEVEL = "-Onone";
			};
			name = Debug;
		};
		11C034FA28AEBC770019666E /* Release */ = {
			isa = XCBuildConfiguration;
			buildSettings = {
				ALWAYS_SEARCH_USER_PATHS = NO;
				CLANG_ANALYZER_NONNULL = YES;
				CLANG_ANALYZER_NUMBER_OBJECT_CONVERSION = YES_AGGRESSIVE;
				CLANG_CXX_LANGUAGE_STANDARD = "gnu++17";
				CLANG_ENABLE_MODULES = YES;
				CLANG_ENABLE_OBJC_ARC = YES;
				CLANG_ENABLE_OBJC_WEAK = YES;
				CLANG_WARN_BLOCK_CAPTURE_AUTORELEASING = YES;
				CLANG_WARN_BOOL_CONVERSION = YES;
				CLANG_WARN_COMMA = YES;
				CLANG_WARN_CONSTANT_CONVERSION = YES;
				CLANG_WARN_DEPRECATED_OBJC_IMPLEMENTATIONS = YES;
				CLANG_WARN_DIRECT_OBJC_ISA_USAGE = YES_ERROR;
				CLANG_WARN_DOCUMENTATION_COMMENTS = YES;
				CLANG_WARN_EMPTY_BODY = YES;
				CLANG_WARN_ENUM_CONVERSION = YES;
				CLANG_WARN_INFINITE_RECURSION = YES;
				CLANG_WARN_INT_CONVERSION = YES;
				CLANG_WARN_NON_LITERAL_NULL_CONVERSION = YES;
				CLANG_WARN_OBJC_IMPLICIT_RETAIN_SELF = YES;
				CLANG_WARN_OBJC_LITERAL_CONVERSION = YES;
				CLANG_WARN_OBJC_ROOT_CLASS = YES_ERROR;
				CLANG_WARN_QUOTED_INCLUDE_IN_FRAMEWORK_HEADER = YES;
				CLANG_WARN_RANGE_LOOP_ANALYSIS = YES;
				CLANG_WARN_STRICT_PROTOTYPES = YES;
				CLANG_WARN_SUSPICIOUS_MOVE = YES;
				CLANG_WARN_UNGUARDED_AVAILABILITY = YES_AGGRESSIVE;
				CLANG_WARN_UNREACHABLE_CODE = YES;
				CLANG_WARN__DUPLICATE_METHOD_MATCH = YES;
				COPY_PHASE_STRIP = NO;
				DEBUG_INFORMATION_FORMAT = "dwarf-with-dsym";
				ENABLE_NS_ASSERTIONS = NO;
				ENABLE_STRICT_OBJC_MSGSEND = YES;
				GCC_C_LANGUAGE_STANDARD = gnu11;
				GCC_NO_COMMON_BLOCKS = YES;
				GCC_WARN_64_TO_32_BIT_CONVERSION = YES;
				GCC_WARN_ABOUT_RETURN_TYPE = YES_ERROR;
				GCC_WARN_UNDECLARED_SELECTOR = YES;
				GCC_WARN_UNINITIALIZED_AUTOS = YES_AGGRESSIVE;
				GCC_WARN_UNUSED_FUNCTION = YES;
				GCC_WARN_UNUSED_VARIABLE = YES;
				IPHONEOS_DEPLOYMENT_TARGET = 15.5;
				MTL_ENABLE_DEBUG_INFO = NO;
				MTL_FAST_MATH = YES;
				SDKROOT = iphoneos;
				SWIFT_COMPILATION_MODE = wholemodule;
				SWIFT_OPTIMIZATION_LEVEL = "-O";
				VALIDATE_PRODUCT = YES;
			};
			name = Release;
		};
		11C034FC28AEBC770019666E /* Debug */ = {
			isa = XCBuildConfiguration;
			baseConfigurationReference = 7DF163862FEF84E4B07EC3CA /* Pods-YouTubeAPI.debug.xcconfig */;
			buildSettings = {
				ASSETCATALOG_COMPILER_APPICON_NAME = AppIcon;
				ASSETCATALOG_COMPILER_GLOBAL_ACCENT_COLOR_NAME = AccentColor;
				CODE_SIGN_STYLE = Automatic;
				CURRENT_PROJECT_VERSION = 1;
				DEVELOPMENT_TEAM = 6KKCSVG8J3;
				GENERATE_INFOPLIST_FILE = YES;
				INFOPLIST_FILE = YouTubeAPI/Info.plist;
				INFOPLIST_KEY_UIApplicationSupportsIndirectInputEvents = YES;
				INFOPLIST_KEY_UILaunchStoryboardName = LaunchScreen;
				INFOPLIST_KEY_UISupportedInterfaceOrientations_iPad = "UIInterfaceOrientationPortrait UIInterfaceOrientationPortraitUpsideDown UIInterfaceOrientationLandscapeLeft UIInterfaceOrientationLandscapeRight";
				INFOPLIST_KEY_UISupportedInterfaceOrientations_iPhone = "UIInterfaceOrientationPortrait UIInterfaceOrientationLandscapeLeft UIInterfaceOrientationLandscapeRight";
				LD_RUNPATH_SEARCH_PATHS = (
					"$(inherited)",
					"@executable_path/Frameworks",
				);
				MARKETING_VERSION = 1.0;
				PRODUCT_BUNDLE_IDENTIFIER = com.gin.YouTubeAPI;
				PRODUCT_NAME = "$(TARGET_NAME)";
				SWIFT_EMIT_LOC_STRINGS = YES;
				SWIFT_VERSION = 5.0;
				TARGETED_DEVICE_FAMILY = "1,2";
			};
			name = Debug;
		};
		11C034FD28AEBC770019666E /* Release */ = {
			isa = XCBuildConfiguration;
			baseConfigurationReference = D224F22518607F3DF6F72704 /* Pods-YouTubeAPI.release.xcconfig */;
			buildSettings = {
				ASSETCATALOG_COMPILER_APPICON_NAME = AppIcon;
				ASSETCATALOG_COMPILER_GLOBAL_ACCENT_COLOR_NAME = AccentColor;
				CODE_SIGN_STYLE = Automatic;
				CURRENT_PROJECT_VERSION = 1;
				DEVELOPMENT_TEAM = 6KKCSVG8J3;
				GENERATE_INFOPLIST_FILE = YES;
				INFOPLIST_FILE = YouTubeAPI/Info.plist;
				INFOPLIST_KEY_UIApplicationSupportsIndirectInputEvents = YES;
				INFOPLIST_KEY_UILaunchStoryboardName = LaunchScreen;
				INFOPLIST_KEY_UISupportedInterfaceOrientations_iPad = "UIInterfaceOrientationPortrait UIInterfaceOrientationPortraitUpsideDown UIInterfaceOrientationLandscapeLeft UIInterfaceOrientationLandscapeRight";
				INFOPLIST_KEY_UISupportedInterfaceOrientations_iPhone = "UIInterfaceOrientationPortrait UIInterfaceOrientationLandscapeLeft UIInterfaceOrientationLandscapeRight";
				LD_RUNPATH_SEARCH_PATHS = (
					"$(inherited)",
					"@executable_path/Frameworks",
				);
				MARKETING_VERSION = 1.0;
				PRODUCT_BUNDLE_IDENTIFIER = com.gin.YouTubeAPI;
				PRODUCT_NAME = "$(TARGET_NAME)";
				SWIFT_EMIT_LOC_STRINGS = YES;
				SWIFT_VERSION = 5.0;
				TARGETED_DEVICE_FAMILY = "1,2";
			};
			name = Release;
		};
/* End XCBuildConfiguration section */

/* Begin XCConfigurationList section */
		11C034E228AEBC740019666E /* Build configuration list for PBXProject "YouTubeAPI" */ = {
			isa = XCConfigurationList;
			buildConfigurations = (
				11C034F928AEBC770019666E /* Debug */,
				11C034FA28AEBC770019666E /* Release */,
			);
			defaultConfigurationIsVisible = 0;
			defaultConfigurationName = Release;
		};
		11C034FB28AEBC770019666E /* Build configuration list for PBXNativeTarget "YouTubeAPI" */ = {
			isa = XCConfigurationList;
			buildConfigurations = (
				11C034FC28AEBC770019666E /* Debug */,
				11C034FD28AEBC770019666E /* Release */,
			);
			defaultConfigurationIsVisible = 0;
			defaultConfigurationName = Release;
		};
/* End XCConfigurationList section */
	};
	rootObject = 11C034DF28AEBC740019666E /* Project object */;
}
